// !$*UTF8*$!
{
	archiveVersion = 1;
	classes = {
	};
	objectVersion = 46;
	objects = {

/* Begin PBXBuildFile section */
		DB89AA251964972200B4EF60 /* Foundation.framework in Frameworks */ = {isa = PBXBuildFile; fileRef = DB89AA241964972200B4EF60 /* Foundation.framework */; };
		DB89AA271964972200B4EF60 /* CoreGraphics.framework in Frameworks */ = {isa = PBXBuildFile; fileRef = DB89AA261964972200B4EF60 /* CoreGraphics.framework */; };
		DB89AA291964972200B4EF60 /* UIKit.framework in Frameworks */ = {isa = PBXBuildFile; fileRef = DB89AA281964972200B4EF60 /* UIKit.framework */; };
		DB89AA2F1964972200B4EF60 /* InfoPlist.strings in Resources */ = {isa = PBXBuildFile; fileRef = DB89AA2D1964972200B4EF60 /* InfoPlist.strings */; };
		DB89AA311964972200B4EF60 /* main.m in Sources */ = {isa = PBXBuildFile; fileRef = DB89AA301964972200B4EF60 /* main.m */; };
		DB89AA351964972200B4EF60 /* com_tim_interviewsAppDelegate.m in Sources */ = {isa = PBXBuildFile; fileRef = DB89AA341964972200B4EF60 /* com_tim_interviewsAppDelegate.m */; };
		DB89AA371964972300B4EF60 /* Images.xcassets in Resources */ = {isa = PBXBuildFile; fileRef = DB89AA361964972300B4EF60 /* Images.xcassets */; };
		DB89AA3E1964972300B4EF60 /* XCTest.framework in Frameworks */ = {isa = PBXBuildFile; fileRef = DB89AA3D1964972300B4EF60 /* XCTest.framework */; };
		DB89AA3F1964972300B4EF60 /* Foundation.framework in Frameworks */ = {isa = PBXBuildFile; fileRef = DB89AA241964972200B4EF60 /* Foundation.framework */; };
		DB89AA401964972300B4EF60 /* UIKit.framework in Frameworks */ = {isa = PBXBuildFile; fileRef = DB89AA281964972200B4EF60 /* UIKit.framework */; };
		DB89AA481964972300B4EF60 /* InfoPlist.strings in Resources */ = {isa = PBXBuildFile; fileRef = DB89AA461964972300B4EF60 /* InfoPlist.strings */; };
		DB89AA4A1964972300B4EF60 /* InterviewQuestionsTestCasesTests.m in Sources */ = {isa = PBXBuildFile; fileRef = DB89AA491964972300B4EF60 /* InterviewQuestionsTestCasesTests.m */; };
		DB89AA5519649BD500B4EF60 /* TestCases.m in Sources */ = {isa = PBXBuildFile; fileRef = DB89AA5419649BD500B4EF60 /* TestCases.m */; };
/* End PBXBuildFile section */

/* Begin PBXContainerItemProxy section */
		DB89AA411964972300B4EF60 /* PBXContainerItemProxy */ = {
			isa = PBXContainerItemProxy;
			containerPortal = DB89AA191964972200B4EF60 /* Project object */;
			proxyType = 1;
			remoteGlobalIDString = DB89AA201964972200B4EF60;
			remoteInfo = InterviewQuestionsTestCases;
		};
/* End PBXContainerItemProxy section */

/* Begin PBXFileReference section */
		DB89AA211964972200B4EF60 /* InterviewQuestionsTestCases.app */ = {isa = PBXFileReference; explicitFileType = wrapper.application; includeInIndex = 0; path = InterviewQuestionsTestCases.app; sourceTree = BUILT_PRODUCTS_DIR; };
		DB89AA241964972200B4EF60 /* Foundation.framework */ = {isa = PBXFileReference; lastKnownFileType = wrapper.framework; name = Foundation.framework; path = System/Library/Frameworks/Foundation.framework; sourceTree = SDKROOT; };
		DB89AA261964972200B4EF60 /* CoreGraphics.framework */ = {isa = PBXFileReference; lastKnownFileType = wrapper.framework; name = CoreGraphics.framework; path = System/Library/Frameworks/CoreGraphics.framework; sourceTree = SDKROOT; };
		DB89AA281964972200B4EF60 /* UIKit.framework */ = {isa = PBXFileReference; lastKnownFileType = wrapper.framework; name = UIKit.framework; path = System/Library/Frameworks/UIKit.framework; sourceTree = SDKROOT; };
		DB89AA2C1964972200B4EF60 /* InterviewQuestionsTestCases-Info.plist */ = {isa = PBXFileReference; lastKnownFileType = text.plist.xml; path = "InterviewQuestionsTestCases-Info.plist"; sourceTree = "<group>"; };
		DB89AA2E1964972200B4EF60 /* en */ = {isa = PBXFileReference; lastKnownFileType = text.plist.strings; name = en; path = en.lproj/InfoPlist.strings; sourceTree = "<group>"; };
		DB89AA301964972200B4EF60 /* main.m */ = {isa = PBXFileReference; lastKnownFileType = sourcecode.c.objc; path = main.m; sourceTree = "<group>"; };
		DB89AA321964972200B4EF60 /* InterviewQuestionsTestCases-Prefix.pch */ = {isa = PBXFileReference; lastKnownFileType = sourcecode.c.h; path = "InterviewQuestionsTestCases-Prefix.pch"; sourceTree = "<group>"; };
		DB89AA331964972200B4EF60 /* com_tim_interviewsAppDelegate.h */ = {isa = PBXFileReference; lastKnownFileType = sourcecode.c.h; path = com_tim_interviewsAppDelegate.h; sourceTree = "<group>"; };
		DB89AA341964972200B4EF60 /* com_tim_interviewsAppDelegate.m */ = {isa = PBXFileReference; lastKnownFileType = sourcecode.c.objc; path = com_tim_interviewsAppDelegate.m; sourceTree = "<group>"; };
		DB89AA361964972300B4EF60 /* Images.xcassets */ = {isa = PBXFileReference; lastKnownFileType = folder.assetcatalog; path = Images.xcassets; sourceTree = "<group>"; };
		DB89AA3C1964972300B4EF60 /* InterviewQuestionsTestCasesTests.xctest */ = {isa = PBXFileReference; explicitFileType = wrapper.cfbundle; includeInIndex = 0; path = InterviewQuestionsTestCasesTests.xctest; sourceTree = BUILT_PRODUCTS_DIR; };
		DB89AA3D1964972300B4EF60 /* XCTest.framework */ = {isa = PBXFileReference; lastKnownFileType = wrapper.framework; name = XCTest.framework; path = Library/Frameworks/XCTest.framework; sourceTree = DEVELOPER_DIR; };
		DB89AA451964972300B4EF60 /* InterviewQuestionsTestCasesTests-Info.plist */ = {isa = PBXFileReference; lastKnownFileType = text.plist.xml; path = "InterviewQuestionsTestCasesTests-Info.plist"; sourceTree = "<group>"; };
		DB89AA471964972300B4EF60 /* en */ = {isa = PBXFileReference; lastKnownFileType = text.plist.strings; name = en; path = en.lproj/InfoPlist.strings; sourceTree = "<group>"; };
		DB89AA491964972300B4EF60 /* InterviewQuestionsTestCasesTests.m */ = {isa = PBXFileReference; lastKnownFileType = sourcecode.c.objc; path = InterviewQuestionsTestCasesTests.m; sourceTree = "<group>"; };
		DB89AA5319649BD500B4EF60 /* TestCases.h */ = {isa = PBXFileReference; fileEncoding = 4; lastKnownFileType = sourcecode.c.h; path = TestCases.h; sourceTree = "<group>"; };
		DB89AA5419649BD500B4EF60 /* TestCases.m */ = {isa = PBXFileReference; fileEncoding = 4; lastKnownFileType = sourcecode.c.objc; path = TestCases.m; sourceTree = "<group>"; };
/* End PBXFileReference section */

/* Begin PBXFrameworksBuildPhase section */
		DB89AA1E1964972200B4EF60 /* Frameworks */ = {
			isa = PBXFrameworksBuildPhase;
			buildActionMask = 2147483647;
			files = (
				DB89AA271964972200B4EF60 /* CoreGraphics.framework in Frameworks */,
				DB89AA291964972200B4EF60 /* UIKit.framework in Frameworks */,
				DB89AA251964972200B4EF60 /* Foundation.framework in Frameworks */,
			);
			runOnlyForDeploymentPostprocessing = 0;
		};
		DB89AA391964972300B4EF60 /* Frameworks */ = {
			isa = PBXFrameworksBuildPhase;
			buildActionMask = 2147483647;
			files = (
				DB89AA3E1964972300B4EF60 /* XCTest.framework in Frameworks */,
				DB89AA401964972300B4EF60 /* UIKit.framework in Frameworks */,
				DB89AA3F1964972300B4EF60 /* Foundation.framework in Frameworks */,
			);
			runOnlyForDeploymentPostprocessing = 0;
		};
/* End PBXFrameworksBuildPhase section */

/* Begin PBXGroup section */
		DB89AA181964972200B4EF60 = {
			isa = PBXGroup;
			children = (
				DB89AA2A1964972200B4EF60 /* InterviewQuestionsTestCases */,
				DB89AA431964972300B4EF60 /* InterviewQuestionsTestCasesTests */,
				DB89AA231964972200B4EF60 /* Frameworks */,
				DB89AA221964972200B4EF60 /* Products */,
			);
			sourceTree = "<group>";
		};
		DB89AA221964972200B4EF60 /* Products */ = {
			isa = PBXGroup;
			children = (
				DB89AA211964972200B4EF60 /* InterviewQuestionsTestCases.app */,
				DB89AA3C1964972300B4EF60 /* InterviewQuestionsTestCasesTests.xctest */,
			);
			name = Products;
			sourceTree = "<group>";
		};
		DB89AA231964972200B4EF60 /* Frameworks */ = {
			isa = PBXGroup;
			children = (
				DB89AA241964972200B4EF60 /* Foundation.framework */,
				DB89AA261964972200B4EF60 /* CoreGraphics.framework */,
				DB89AA281964972200B4EF60 /* UIKit.framework */,
				DB89AA3D1964972300B4EF60 /* XCTest.framework */,
			);
			name = Frameworks;
			sourceTree = "<group>";
		};
		DB89AA2A1964972200B4EF60 /* InterviewQuestionsTestCases */ = {
			isa = PBXGroup;
			children = (
				DB89AA331964972200B4EF60 /* com_tim_interviewsAppDelegate.h */,
				DB89AA341964972200B4EF60 /* com_tim_interviewsAppDelegate.m */,
				DB89AA361964972300B4EF60 /* Images.xcassets */,
				DB89AA2B1964972200B4EF60 /* Supporting Files */,
				DB89AA5319649BD500B4EF60 /* TestCases.h */,
				DB89AA5419649BD500B4EF60 /* TestCases.m */,
			);
			path = InterviewQuestionsTestCases;
			sourceTree = "<group>";
		};
		DB89AA2B1964972200B4EF60 /* Supporting Files */ = {
			isa = PBXGroup;
			children = (
				DB89AA2C1964972200B4EF60 /* InterviewQuestionsTestCases-Info.plist */,
				DB89AA2D1964972200B4EF60 /* InfoPlist.strings */,
				DB89AA301964972200B4EF60 /* main.m */,
				DB89AA321964972200B4EF60 /* InterviewQuestionsTestCases-Prefix.pch */,
			);
			name = "Supporting Files";
			sourceTree = "<group>";
		};
		DB89AA431964972300B4EF60 /* InterviewQuestionsTestCasesTests */ = {
			isa = PBXGroup;
			children = (
				DB89AA491964972300B4EF60 /* InterviewQuestionsTestCasesTests.m */,
				DB89AA441964972300B4EF60 /* Supporting Files */,
			);
			path = InterviewQuestionsTestCasesTests;
			sourceTree = "<group>";
		};
		DB89AA441964972300B4EF60 /* Supporting Files */ = {
			isa = PBXGroup;
			children = (
				DB89AA451964972300B4EF60 /* InterviewQuestionsTestCasesTests-Info.plist */,
				DB89AA461964972300B4EF60 /* InfoPlist.strings */,
			);
			name = "Supporting Files";
			sourceTree = "<group>";
		};
/* End PBXGroup section */

/* Begin PBXNativeTarget section */
		DB89AA201964972200B4EF60 /* InterviewQuestionsTestCases */ = {
			isa = PBXNativeTarget;
			buildConfigurationList = DB89AA4D1964972300B4EF60 /* Build configuration list for PBXNativeTarget "InterviewQuestionsTestCases" */;
			buildPhases = (
				DB89AA1D1964972200B4EF60 /* Sources */,
				DB89AA1E1964972200B4EF60 /* Frameworks */,
				DB89AA1F1964972200B4EF60 /* Resources */,
			);
			buildRules = (
			);
			dependencies = (
			);
			name = InterviewQuestionsTestCases;
			productName = InterviewQuestionsTestCases;
			productReference = DB89AA211964972200B4EF60 /* InterviewQuestionsTestCases.app */;
			productType = "com.apple.product-type.application";
		};
		DB89AA3B1964972300B4EF60 /* InterviewQuestionsTestCasesTests */ = {
			isa = PBXNativeTarget;
			buildConfigurationList = DB89AA501964972300B4EF60 /* Build configuration list for PBXNativeTarget "InterviewQuestionsTestCasesTests" */;
			buildPhases = (
				DB89AA381964972300B4EF60 /* Sources */,
				DB89AA391964972300B4EF60 /* Frameworks */,
				DB89AA3A1964972300B4EF60 /* Resources */,
			);
			buildRules = (
			);
			dependencies = (
				DB89AA421964972300B4EF60 /* PBXTargetDependency */,
			);
			name = InterviewQuestionsTestCasesTests;
			productName = InterviewQuestionsTestCasesTests;
			productReference = DB89AA3C1964972300B4EF60 /* InterviewQuestionsTestCasesTests.xctest */;
			productType = "com.apple.product-type.bundle.unit-test";
		};
/* End PBXNativeTarget section */

/* Begin PBXProject section */
		DB89AA191964972200B4EF60 /* Project object */ = {
			isa = PBXProject;
			attributes = {
				CLASSPREFIX = com.tim.interviews;
				LastUpgradeCheck = 0510;
				ORGANIZATIONNAME = Tim;
				TargetAttributes = {
					DB89AA3B1964972300B4EF60 = {
						TestTargetID = DB89AA201964972200B4EF60;
					};
				};
			};
			buildConfigurationList = DB89AA1C1964972200B4EF60 /* Build configuration list for PBXProject "InterviewQuestionsTestCases" */;
			compatibilityVersion = "Xcode 3.2";
			developmentRegion = English;
			hasScannedForEncodings = 0;
			knownRegions = (
				en,
			);
			mainGroup = DB89AA181964972200B4EF60;
			productRefGroup = DB89AA221964972200B4EF60 /* Products */;
			projectDirPath = "";
			projectRoot = "";
			targets = (
				DB89AA201964972200B4EF60 /* InterviewQuestionsTestCases */,
				DB89AA3B1964972300B4EF60 /* InterviewQuestionsTestCasesTests */,
			);
		};
/* End PBXProject section */

/* Begin PBXResourcesBuildPhase section */
		DB89AA1F1964972200B4EF60 /* Resources */ = {
			isa = PBXResourcesBuildPhase;
			buildActionMask = 2147483647;
			files = (
				DB89AA2F1964972200B4EF60 /* InfoPlist.strings in Resources */,
				DB89AA371964972300B4EF60 /* Images.xcassets in Resources */,
			);
			runOnlyForDeploymentPostprocessing = 0;
		};
		DB89AA3A1964972300B4EF60 /* Resources */ = {
			isa = PBXResourcesBuildPhase;
			buildActionMask = 2147483647;
			files = (
				DB89AA481964972300B4EF60 /* InfoPlist.strings in Resources */,
			);
			runOnlyForDeploymentPostprocessing = 0;
		};
/* End PBXResourcesBuildPhase section */

/* Begin PBXSourcesBuildPhase section */
		DB89AA1D1964972200B4EF60 /* Sources */ = {
			isa = PBXSourcesBuildPhase;
			buildActionMask = 2147483647;
			files = (
				DB89AA5519649BD500B4EF60 /* TestCases.m in Sources */,
				DB89AA311964972200B4EF60 /* main.m in Sources */,
				DB89AA351964972200B4EF60 /* com_tim_interviewsAppDelegate.m in Sources */,
			);
			runOnlyForDeploymentPostprocessing = 0;
		};
		DB89AA381964972300B4EF60 /* Sources */ = {
			isa = PBXSourcesBuildPhase;
			buildActionMask = 2147483647;
			files = (
				DB89AA4A1964972300B4EF60 /* InterviewQuestionsTestCasesTests.m in Sources */,
			);
			runOnlyForDeploymentPostprocessing = 0;
		};
/* End PBXSourcesBuildPhase section */

/* Begin PBXTargetDependency section */
		DB89AA421964972300B4EF60 /* PBXTargetDependency */ = {
			isa = PBXTargetDependency;
			target = DB89AA201964972200B4EF60 /* InterviewQuestionsTestCases */;
			targetProxy = DB89AA411964972300B4EF60 /* PBXContainerItemProxy */;
		};
/* End PBXTargetDependency section */

/* Begin PBXVariantGroup section */
		DB89AA2D1964972200B4EF60 /* InfoPlist.strings */ = {
			isa = PBXVariantGroup;
			children = (
				DB89AA2E1964972200B4EF60 /* en */,
			);
			name = InfoPlist.strings;
			sourceTree = "<group>";
		};
		DB89AA461964972300B4EF60 /* InfoPlist.strings */ = {
			isa = PBXVariantGroup;
			children = (
				DB89AA471964972300B4EF60 /* en */,
			);
			name = InfoPlist.strings;
			sourceTree = "<group>";
		};
/* End PBXVariantGroup section */

/* Begin XCBuildConfiguration section */
		DB89AA4B1964972300B4EF60 /* Debug */ = {
			isa = XCBuildConfiguration;
			buildSettings = {
				ALWAYS_SEARCH_USER_PATHS = NO;
				CLANG_CXX_LANGUAGE_STANDARD = "gnu++0x";
				CLANG_CXX_LIBRARY = "libc++";
				CLANG_ENABLE_MODULES = YES;
				CLANG_ENABLE_OBJC_ARC = YES;
				CLANG_WARN_BOOL_CONVERSION = YES;
				CLANG_WARN_CONSTANT_CONVERSION = YES;
				CLANG_WARN_DIRECT_OBJC_ISA_USAGE = YES_ERROR;
				CLANG_WARN_EMPTY_BODY = YES;
				CLANG_WARN_ENUM_CONVERSION = YES;
				CLANG_WARN_INT_CONVERSION = YES;
				CLANG_WARN_OBJC_ROOT_CLASS = YES_ERROR;
				CLANG_WARN__DUPLICATE_METHOD_MATCH = YES;
				"CODE_SIGN_IDENTITY[sdk=iphoneos*]" = "iPhone Developer";
				COPY_PHASE_STRIP = NO;
				GCC_C_LANGUAGE_STANDARD = gnu99;
				GCC_DYNAMIC_NO_PIC = NO;
				GCC_OPTIMIZATION_LEVEL = 0;
				GCC_PREPROCESSOR_DEFINITIONS = (
					"DEBUG=1",
					"$(inherited)",
				);
				GCC_SYMBOLS_PRIVATE_EXTERN = NO;
				GCC_WARN_64_TO_32_BIT_CONVERSION = YES;
				GCC_WARN_ABOUT_RETURN_TYPE = YES_ERROR;
				GCC_WARN_UNDECLARED_SELECTOR = YES;
				GCC_WARN_UNINITIALIZED_AUTOS = YES_AGGRESSIVE;
				GCC_WARN_UNUSED_FUNCTION = YES;
				GCC_WARN_UNUSED_VARIABLE = YES;
				IPHONEOS_DEPLOYMENT_TARGET = 7.1;
				ONLY_ACTIVE_ARCH = YES;
				SDKROOT = iphoneos;
			};
			name = Debug;
		};
		DB89AA4C1964972300B4EF60 /* Release */ = {
			isa = XCBuildConfiguration;
			buildSettings = {
				ALWAYS_SEARCH_USER_PATHS = NO;
				CLANG_CXX_LANGUAGE_STANDARD = "gnu++0x";
				CLANG_CXX_LIBRARY = "libc++";
				CLANG_ENABLE_MODULES = YES;
				CLANG_ENABLE_OBJC_ARC = YES;
				CLANG_WARN_BOOL_CONVERSION = YES;
				CLANG_WARN_CONSTANT_CONVERSION = YES;
				CLANG_WARN_DIRECT_OBJC_ISA_USAGE = YES_ERROR;
				CLANG_WARN_EMPTY_BODY = YES;
				CLANG_WARN_ENUM_CONVERSION = YES;
				CLANG_WARN_INT_CONVERSION = YES;
				CLANG_WARN_OBJC_ROOT_CLASS = YES_ERROR;
				CLANG_WARN__DUPLICATE_METHOD_MATCH = YES;
				"CODE_SIGN_IDENTITY[sdk=iphoneos*]" = "iPhone Developer";
				COPY_PHASE_STRIP = YES;
				ENABLE_NS_ASSERTIONS = NO;
				GCC_C_LANGUAGE_STANDARD = gnu99;
				GCC_WARN_64_TO_32_BIT_CONVERSION = YES;
				GCC_WARN_ABOUT_RETURN_TYPE = YES_ERROR;
				GCC_WARN_UNDECLARED_SELECTOR = YES;
				GCC_WARN_UNINITIALIZED_AUTOS = YES_AGGRESSIVE;
				GCC_WARN_UNUSED_FUNCTION = YES;
				GCC_WARN_UNUSED_VARIABLE = YES;
				IPHONEOS_DEPLOYMENT_TARGET = 7.1;
				SDKROOT = iphoneos;
				VALIDATE_PRODUCT = YES;
			};
			name = Release;
		};
		DB89AA4E1964972300B4EF60 /* Debug */ = {
			isa = XCBuildConfiguration;
			buildSettings = {
				ASSETCATALOG_COMPILER_APPICON_NAME = AppIcon;
				ASSETCATALOG_COMPILER_LAUNCHIMAGE_NAME = LaunchImage;
				GCC_PRECOMPILE_PREFIX_HEADER = YES;
				GCC_PREFIX_HEADER = "InterviewQuestionsTestCases/InterviewQuestionsTestCases-Prefix.pch";
				INFOPLIST_FILE = "InterviewQuestionsTestCases/InterviewQuestionsTestCases-Info.plist";
				PRODUCT_NAME = "$(TARGET_NAME)";
				WRAPPER_EXTENSION = app;
			};
			name = Debug;
		};
		DB89AA4F1964972300B4EF60 /* Release */ = {
			isa = XCBuildConfiguration;
			buildSettings = {
				ASSETCATALOG_COMPILER_APPICON_NAME = AppIcon;
				ASSETCATALOG_COMPILER_LAUNCHIMAGE_NAME = LaunchImage;
				GCC_PRECOMPILE_PREFIX_HEADER = YES;
				GCC_PREFIX_HEADER = "InterviewQuestionsTestCases/InterviewQuestionsTestCases-Prefix.pch";
				INFOPLIST_FILE = "InterviewQuestionsTestCases/InterviewQuestionsTestCases-Info.plist";
				PRODUCT_NAME = "$(TARGET_NAME)";
				WRAPPER_EXTENSION = app;
			};
			name = Release;
		};
		DB89AA511964972300B4EF60 /* Debug */ = {
			isa = XCBuildConfiguration;
			buildSettings = {
				BUNDLE_LOADER = "$(BUILT_PRODUCTS_DIR)/InterviewQuestionsTestCases.app/InterviewQuestionsTestCases";
				FRAMEWORK_SEARCH_PATHS = (
					"$(SDKROOT)/Developer/Library/Frameworks",
					"$(inherited)",
					"$(DEVELOPER_FRAMEWORKS_DIR)",
				);
				GCC_PRECOMPILE_PREFIX_HEADER = YES;
				GCC_PREFIX_HEADER = "InterviewQuestionsTestCases/InterviewQuestionsTestCases-Prefix.pch";
				GCC_PREPROCESSOR_DEFINITIONS = (
					"DEBUG=1",
					"$(inherited)",
				);
				INFOPLIST_FILE = "InterviewQuestionsTestCasesTests/InterviewQuestionsTestCasesTests-Info.plist";
				PRODUCT_NAME = "$(TARGET_NAME)";
				TEST_HOST = "$(BUNDLE_LOADER)";
				WRAPPER_EXTENSION = xctest;
			};
			name = Debug;
		};
		DB89AA521964972300B4EF60 /* Release */ = {
			isa = XCBuildConfiguration;
			buildSettings = {
				BUNDLE_LOADER = "$(BUILT_PRODUCTS_DIR)/InterviewQuestionsTestCases.app/InterviewQuestionsTestCases";
				FRAMEWORK_SEARCH_PATHS = (
					"$(SDKROOT)/Developer/Library/Frameworks",
					"$(inherited)",
					"$(DEVELOPER_FRAMEWORKS_DIR)",
				);
				GCC_PRECOMPILE_PREFIX_HEADER = YES;
				GCC_PREFIX_HEADER = "InterviewQuestionsTestCases/InterviewQuestionsTestCases-Prefix.pch";
				INFOPLIST_FILE = "InterviewQuestionsTestCasesTests/InterviewQuestionsTestCasesTests-Info.plist";
				PRODUCT_NAME = "$(TARGET_NAME)";
				TEST_HOST = "$(BUNDLE_LOADER)";
				WRAPPER_EXTENSION = xctest;
			};
			name = Release;
		};
/* End XCBuildConfiguration section */

/* Begin XCConfigurationList section */
		DB89AA1C1964972200B4EF60 /* Build configuration list for PBXProject "InterviewQuestionsTestCases" */ = {
			isa = XCConfigurationList;
			buildConfigurations = (
				DB89AA4B1964972300B4EF60 /* Debug */,
				DB89AA4C1964972300B4EF60 /* Release */,
			);
			defaultConfigurationIsVisible = 0;
			defaultConfigurationName = Release;
		};
		DB89AA4D1964972300B4EF60 /* Build configuration list for PBXNativeTarget "InterviewQuestionsTestCases" */ = {
			isa = XCConfigurationList;
			buildConfigurations = (
				DB89AA4E1964972300B4EF60 /* Debug */,
				DB89AA4F1964972300B4EF60 /* Release */,
			);
			defaultConfigurationIsVisible = 0;
		};
		DB89AA501964972300B4EF60 /* Build configuration list for PBXNativeTarget "InterviewQuestionsTestCasesTests" */ = {
			isa = XCConfigurationList;
			buildConfigurations = (
				DB89AA511964972300B4EF60 /* Debug */,
				DB89AA521964972300B4EF60 /* Release */,
			);
			defaultConfigurationIsVisible = 0;
		};
/* End XCConfigurationList section */
	};
	rootObject = DB89AA191964972200B4EF60 /* Project object */;
}
